# AutoJs6 6.8.0 build 5316, host commit 5b5841bfbf60c0000b525ca69dd906ade642e5ee; release AARs staged together.
format=1
common-plugin-api.file=common-plugin-api.aar
common-plugin-api.sha256=ee7eb7879a53506c4cca5e2d19d3058e28df2168fb33351a52302a3b9e532e15
mail-api.file=mail-api.aar
mail-api.sha256=c7c629d2e0fe0b430c2c4b659414766abe134fd6350d0b885aa5c13c70732923
